{
  "name": "@korvusmkrt/jsonschema-to-types-async-converter",
  "version": "1.0.0",
  "lockfileVersion": 3,
  "requires": true,
  "packages": {
    "": {
      "name": "@korvusmkrt/jsonschema-to-types-async-converter",
      "version": "1.0.0",
      "dependencies": {
        "@deep-foundation/core": "~0.0.2",
        "@deep-foundation/tsx": "~0.0.5",
        "@korvusmkrt/jsonschema-to-types-async-converter": "^1.1.0"
      }
    },
    "node_modules/@deep-foundation/core": {
      "version": "0.0.2",
      "resolved": "https://registry.npmjs.org/@deep-foundation/core/-/core-0.0.2.tgz",
      "integrity": "sha512-fj6lUy8YB5NtlLdYnht0Knxb6w7Zpye+AEZLBsBzeb27HXGy2mFw2MNSuW76LiptWTIvChPjhOj3Mh6cHQHNEg=="
    },
    "node_modules/@deep-foundation/tsx": {
      "version": "0.0.5",
      "resolved": "https://registry.npmjs.org/@deep-foundation/tsx/-/tsx-0.0.5.tgz",
      "integrity": "sha512-+06iiSDvh+YxOQBMp3qmCk9re9MkNdyQRXAJ9Z0hMMikRweWJezHnWdsMx4ZTnSULrsIIDYC6pMjsNDTRYuFKA==",
      "dependencies": {
        "@deep-foundation/core": "^0.0.2"
      }
    },
    "node_modules/@korvusmkrt/jsonschema-to-types-async-converter": {
      "version": "1.1.0",
      "resolved": "https://registry.npmjs.org/@korvusmkrt/jsonschema-to-types-async-converter/-/jsonschema-to-types-async-converter-1.1.0.tgz",
      "integrity": "sha512-odGaJSzNbn/SPJA+afuzJYEoF8g7magh3lx/k4p/Cg+EVnQi3dWMoQTDJGfHBTngQCCmQhc+YJHz6XFpgeLaPg==",
      "dependencies": {
        "@deep-foundation/core": "~0.0.2",
        "@deep-foundation/tsx": "~0.0.5"
      }
    }
  }
}
